
Microsoft Visual Studio Solution File, Format Version 12.00
# Visual Studio Version 17
VisualStudioVersion = 17.5.33627.172
MinimumVisualStudioVersion = 10.0.40219.1
Project("{FAE04EC0-301F-11D3-BF4B-00C04F79EFBC}") = "SheepManager.WebAPI", "SheepManager.WebAPI\SheepManager.WebAPI.csproj", "{A9825605-2870-4EC4-8090-7BF7CF14B1F7}"
EndProject
Project("{FAE04EC0-301F-11D3-BF4B-00C04F79EFBC}") = "SheepManager.Core", "SheepManager.Core\SheepManager.Core.csproj", "{18A5983A-A0A8-4E12-927D-F57A875FE365}"
EndProject
Project("{FAE04EC0-301F-11D3-BF4B-00C04F79EFBC}") = "SheepManager.Infrastructure", "SheepManager.Infrastructure\SheepManager.Infrastructure.csproj", "{71FECEF9-EAFB-4F60-83B6-9F9194CF17E3}"
EndProject
Project("{2150E333-8FDC-42A3-9474-1A3956D46DE8}") = "src", "src", "{3B999BE6-1F6B-4EA5-BBEB-CA6841823CEF}"
EndProject
Global
	GlobalSection(SolutionConfigurationPlatforms) = preSolution
		Debug|Any CPU = Debug|Any CPU
		Release|Any CPU = Release|Any CPU
	EndGlobalSection
	GlobalSection(ProjectConfigurationPlatforms) = postSolution
		{A9825605-2870-4EC4-8090-7BF7CF14B1F7}.Debug|Any CPU.ActiveCfg = Debug|Any CPU
		{A9825605-2870-4EC4-8090-7BF7CF14B1F7}.Debug|Any CPU.Build.0 = Debug|Any CPU
		{A9825605-2870-4EC4-8090-7BF7CF14B1F7}.Release|Any CPU.ActiveCfg = Release|Any CPU
		{A9825605-2870-4EC4-8090-7BF7CF14B1F7}.Release|Any CPU.Build.0 = Release|Any CPU
		{18A5983A-A0A8-4E12-927D-F57A875FE365}.Debug|Any CPU.ActiveCfg = Debug|Any CPU
		{18A5983A-A0A8-4E12-927D-F57A875FE365}.Debug|Any CPU.Build.0 = Debug|Any CPU
		{18A5983A-A0A8-4E12-927D-F57A875FE365}.Release|Any CPU.ActiveCfg = Release|Any CPU
		{18A5983A-A0A8-4E12-927D-F57A875FE365}.Release|Any CPU.Build.0 = Release|Any CPU
		{71FECEF9-EAFB-4F60-83B6-9F9194CF17E3}.Debug|Any CPU.ActiveCfg = Debug|Any CPU
		{71FECEF9-EAFB-4F60-83B6-9F9194CF17E3}.Debug|Any CPU.Build.0 = Debug|Any CPU
		{71FECEF9-EAFB-4F60-83B6-9F9194CF17E3}.Release|Any CPU.ActiveCfg = Release|Any CPU
		{71FECEF9-EAFB-4F60-83B6-9F9194CF17E3}.Release|Any CPU.Build.0 = Release|Any CPU
	EndGlobalSection
	GlobalSection(SolutionProperties) = preSolution
		HideSolutionNode = FALSE
	EndGlobalSection
	GlobalSection(NestedProjects) = preSolution
		{A9825605-2870-4EC4-8090-7BF7CF14B1F7} = {3B999BE6-1F6B-4EA5-BBEB-CA6841823CEF}
		{18A5983A-A0A8-4E12-927D-F57A875FE365} = {3B999BE6-1F6B-4EA5-BBEB-CA6841823CEF}
		{71FECEF9-EAFB-4F60-83B6-9F9194CF17E3} = {3B999BE6-1F6B-4EA5-BBEB-CA6841823CEF}
	EndGlobalSection
	GlobalSection(ExtensibilityGlobals) = postSolution
		SolutionGuid = {9F5DCA0F-F7A5-487E-A3CC-C82FCF78305B}
	EndGlobalSection
EndGlobal
